
Microsoft Visual Studio Solution File, Format Version 12.00
# Visual Studio Version 16
VisualStudioVersion = 16.0.31729.503
MinimumVisualStudioVersion = 10.0.40219.1
Project("{9A19103F-16F7-4668-BE54-9A1E7A4F7556}") = "BT_AUTO_2021_Programming", "BT_AUTO_2021_Programming\BT_AUTO_2021_Programming.csproj", "{7E9D5D9D-BE9A-40CB-B3F1-A6E2CE89481E}"
EndProject
Project("{9A19103F-16F7-4668-BE54-9A1E7A4F7556}") = "Arithmetic calculator", "Homework\Arithmetic calculator.csproj", "{4FBE8525-CF65-43B3-A714-B363F1F70766}"
EndProject
Project("{9A19103F-16F7-4668-BE54-9A1E7A4F7556}") = "Sum 100", "Sum 100\Sum 100.csproj", "{B1502850-3496-435F-A697-6931CFB64DC1}"
EndProject
Project("{9A19103F-16F7-4668-BE54-9A1E7A4F7556}") = "Display prime numbers", "Display prime numbers\Display prime numbers.csproj", "{E36FFCD8-950B-423F-A588-7E0369196153}"
EndProject
Project("{FAE04EC0-301F-11D3-BF4B-00C04F79EFBC}") = "Palindrome", "Palindrome\Palindrome.csproj", "{EA0B136D-3EB6-478E-A873-642A006F2F29}"
EndProject
Global
	GlobalSection(SolutionConfigurationPlatforms) = preSolution
		Debug|Any CPU = Debug|Any CPU
		Release|Any CPU = Release|Any CPU
	EndGlobalSection
	GlobalSection(ProjectConfigurationPlatforms) = postSolution
		{7E9D5D9D-BE9A-40CB-B3F1-A6E2CE89481E}.Debug|Any CPU.ActiveCfg = Debug|Any CPU
		{7E9D5D9D-BE9A-40CB-B3F1-A6E2CE89481E}.Debug|Any CPU.Build.0 = Debug|Any CPU
		{7E9D5D9D-BE9A-40CB-B3F1-A6E2CE89481E}.Release|Any CPU.ActiveCfg = Release|Any CPU
		{7E9D5D9D-BE9A-40CB-B3F1-A6E2CE89481E}.Release|Any CPU.Build.0 = Release|Any CPU
		{4FBE8525-CF65-43B3-A714-B363F1F70766}.Debug|Any CPU.ActiveCfg = Debug|Any CPU
		{4FBE8525-CF65-43B3-A714-B363F1F70766}.Debug|Any CPU.Build.0 = Debug|Any CPU
		{4FBE8525-CF65-43B3-A714-B363F1F70766}.Release|Any CPU.ActiveCfg = Release|Any CPU
		{4FBE8525-CF65-43B3-A714-B363F1F70766}.Release|Any CPU.Build.0 = Release|Any CPU
		{B1502850-3496-435F-A697-6931CFB64DC1}.Debug|Any CPU.ActiveCfg = Debug|Any CPU
		{B1502850-3496-435F-A697-6931CFB64DC1}.Debug|Any CPU.Build.0 = Debug|Any CPU
		{B1502850-3496-435F-A697-6931CFB64DC1}.Release|Any CPU.ActiveCfg = Release|Any CPU
		{B1502850-3496-435F-A697-6931CFB64DC1}.Release|Any CPU.Build.0 = Release|Any CPU
		{E36FFCD8-950B-423F-A588-7E0369196153}.Debug|Any CPU.ActiveCfg = Debug|Any CPU
		{E36FFCD8-950B-423F-A588-7E0369196153}.Debug|Any CPU.Build.0 = Debug|Any CPU
		{E36FFCD8-950B-423F-A588-7E0369196153}.Release|Any CPU.ActiveCfg = Release|Any CPU
		{E36FFCD8-950B-423F-A588-7E0369196153}.Release|Any CPU.Build.0 = Release|Any CPU
		{EA0B136D-3EB6-478E-A873-642A006F2F29}.Debug|Any CPU.ActiveCfg = Debug|Any CPU
		{EA0B136D-3EB6-478E-A873-642A006F2F29}.Debug|Any CPU.Build.0 = Debug|Any CPU
		{EA0B136D-3EB6-478E-A873-642A006F2F29}.Release|Any CPU.ActiveCfg = Release|Any CPU
		{EA0B136D-3EB6-478E-A873-642A006F2F29}.Release|Any CPU.Build.0 = Release|Any CPU
	EndGlobalSection
	GlobalSection(SolutionProperties) = preSolution
		HideSolutionNode = FALSE
	EndGlobalSection
	GlobalSection(ExtensibilityGlobals) = postSolution
		SolutionGuid = {C75891F6-04B3-40D1-B4C1-FFAD104F0F95}
	EndGlobalSection
EndGlobal
